
Microsoft Visual Studio Solution File, Format Version 12.00
# Visual Studio Version 16
VisualStudioVersion = 16.0.31624.102
MinimumVisualStudioVersion = 10.0.40219.1
Project("{2150E333-8FDC-42A3-9474-1A3956D46DE8}") = "Services", "Services", "{B156D232-83F1-442F-9F14-D65E987BC95B}"
EndProject
Project("{2150E333-8FDC-42A3-9474-1A3956D46DE8}") = "Catalog", "Catalog", "{C4FA21FD-CA7D-41F5-A468-CB041315AFB3}"
EndProject
Project("{9A19103F-16F7-4668-BE54-9A1E7A4F7556}") = "Catalog.API", "Services\Catalog\Catalog.API\Catalog.API.csproj", "{26AA9A70-F695-4E44-8E30-94CC2B3785C8}"
EndProject
Project("{E53339B2-1760-4266-BCC7-CA923CBCF16C}") = "docker-compose", "docker-compose.dcproj", "{EC59F1DD-1F90-4370-B6B4-69BA08310390}"
EndProject
Project("{2150E333-8FDC-42A3-9474-1A3956D46DE8}") = "Basket", "Basket", "{B1B98D46-AB47-4E9D-A8C4-CE9FD6FADF52}"
EndProject
Project("{FAE04EC0-301F-11D3-BF4B-00C04F79EFBC}") = "Basket.API", "Services\Basket\Basket.API\Basket.API.csproj", "{04665212-DB72-46D7-9AFE-C1BE58FFC04E}"
EndProject
Global
	GlobalSection(SolutionConfigurationPlatforms) = preSolution
		Debug|Any CPU = Debug|Any CPU
		Release|Any CPU = Release|Any CPU
	EndGlobalSection
	GlobalSection(ProjectConfigurationPlatforms) = postSolution
		{26AA9A70-F695-4E44-8E30-94CC2B3785C8}.Debug|Any CPU.ActiveCfg = Debug|Any CPU
		{26AA9A70-F695-4E44-8E30-94CC2B3785C8}.Debug|Any CPU.Build.0 = Debug|Any CPU
		{26AA9A70-F695-4E44-8E30-94CC2B3785C8}.Release|Any CPU.ActiveCfg = Release|Any CPU
		{26AA9A70-F695-4E44-8E30-94CC2B3785C8}.Release|Any CPU.Build.0 = Release|Any CPU
		{EC59F1DD-1F90-4370-B6B4-69BA08310390}.Debug|Any CPU.ActiveCfg = Debug|Any CPU
		{EC59F1DD-1F90-4370-B6B4-69BA08310390}.Debug|Any CPU.Build.0 = Debug|Any CPU
		{EC59F1DD-1F90-4370-B6B4-69BA08310390}.Release|Any CPU.ActiveCfg = Release|Any CPU
		{EC59F1DD-1F90-4370-B6B4-69BA08310390}.Release|Any CPU.Build.0 = Release|Any CPU
		{04665212-DB72-46D7-9AFE-C1BE58FFC04E}.Debug|Any CPU.ActiveCfg = Debug|Any CPU
		{04665212-DB72-46D7-9AFE-C1BE58FFC04E}.Debug|Any CPU.Build.0 = Debug|Any CPU
		{04665212-DB72-46D7-9AFE-C1BE58FFC04E}.Release|Any CPU.ActiveCfg = Release|Any CPU
		{04665212-DB72-46D7-9AFE-C1BE58FFC04E}.Release|Any CPU.Build.0 = Release|Any CPU
	EndGlobalSection
	GlobalSection(SolutionProperties) = preSolution
		HideSolutionNode = FALSE
	EndGlobalSection
	GlobalSection(NestedProjects) = preSolution
		{C4FA21FD-CA7D-41F5-A468-CB041315AFB3} = {B156D232-83F1-442F-9F14-D65E987BC95B}
		{26AA9A70-F695-4E44-8E30-94CC2B3785C8} = {C4FA21FD-CA7D-41F5-A468-CB041315AFB3}
		{B1B98D46-AB47-4E9D-A8C4-CE9FD6FADF52} = {B156D232-83F1-442F-9F14-D65E987BC95B}
		{04665212-DB72-46D7-9AFE-C1BE58FFC04E} = {B1B98D46-AB47-4E9D-A8C4-CE9FD6FADF52}
	EndGlobalSection
	GlobalSection(ExtensibilityGlobals) = postSolution
		SolutionGuid = {4C637AA5-14F8-463F-A1AF-141C0EACE948}
	EndGlobalSection
EndGlobal
